
Microsoft Visual Studio Solution File, Format Version 12.00
# Visual Studio Version 17
VisualStudioVersion = 17.13.35818.85 d17.13
MinimumVisualStudioVersion = 10.0.40219.1
Project("{FAE04EC0-301F-11D3-BF4B-00C04F79EFBC}") = "task01", "task01.csproj", "{F5FE20CD-B7C4-47F3-BB6B-7E060C3E716D}"
EndProject
Global
	GlobalSection(SolutionConfigurationPlatforms) = preSolution
		Debug|Any CPU = Debug|Any CPU
		Release|Any CPU = Release|Any CPU
	EndGlobalSection
	GlobalSection(ProjectConfigurationPlatforms) = postSolution
		{F5FE20CD-B7C4-47F3-BB6B-7E060C3E716D}.Debug|Any CPU.ActiveCfg = Debug|Any CPU
		{F5FE20CD-B7C4-47F3-BB6B-7E060C3E716D}.Debug|Any CPU.Build.0 = Debug|Any CPU
		{F5FE20CD-B7C4-47F3-BB6B-7E060C3E716D}.Release|Any CPU.ActiveCfg = Release|Any CPU
		{F5FE20CD-B7C4-47F3-BB6B-7E060C3E716D}.Release|Any CPU.Build.0 = Release|Any CPU
	EndGlobalSection
	GlobalSection(SolutionProperties) = preSolution
		HideSolutionNode = FALSE
	EndGlobalSection
	GlobalSection(ExtensibilityGlobals) = postSolution
		SolutionGuid = {2F68E126-93D9-474D-AAFB-F13FA2CDFEE3}
	EndGlobalSection
EndGlobal
